
Microsoft Visual Studio Solution File, Format Version 12.00
# Visual Studio Version 17
VisualStudioVersion = 17.1.32328.378
MinimumVisualStudioVersion = 10.0.40219.1
Project("{FAE04EC0-301F-11D3-BF4B-00C04F79EFBC}") = "PROPIEDADES", "PROPIEDADES\PROPIEDADES.csproj", "{A31EAFD4-8F55-472A-9D80-44817A112E2E}"
EndProject
Global
	GlobalSection(SolutionConfigurationPlatforms) = preSolution
		Debug|Any CPU = Debug|Any CPU
		Release|Any CPU = Release|Any CPU
	EndGlobalSection
	GlobalSection(ProjectConfigurationPlatforms) = postSolution
		{A31EAFD4-8F55-472A-9D80-44817A112E2E}.Debug|Any CPU.ActiveCfg = Debug|Any CPU
		{A31EAFD4-8F55-472A-9D80-44817A112E2E}.Debug|Any CPU.Build.0 = Debug|Any CPU
		{A31EAFD4-8F55-472A-9D80-44817A112E2E}.Release|Any CPU.ActiveCfg = Release|Any CPU
		{A31EAFD4-8F55-472A-9D80-44817A112E2E}.Release|Any CPU.Build.0 = Release|Any CPU
	EndGlobalSection
	GlobalSection(SolutionProperties) = preSolution
		HideSolutionNode = FALSE
	EndGlobalSection
	GlobalSection(ExtensibilityGlobals) = postSolution
		SolutionGuid = {713B214A-65AC-49CA-AE5D-44258FC744D8}
	EndGlobalSection
EndGlobal
