
Microsoft Visual Studio Solution File, Format Version 12.00
# Visual Studio Version 17
VisualStudioVersion = 17.1.32228.430
MinimumVisualStudioVersion = 10.0.40219.1
Project("{FAE04EC0-301F-11D3-BF4B-00C04F79EFBC}") = "Centralita", "Centralita\Centralita.csproj", "{7B451616-F4C8-4535-9CD7-275FE55AEA8F}"
EndProject
Project("{FAE04EC0-301F-11D3-BF4B-00C04F79EFBC}") = "Test", "Test\Test.csproj", "{0CF8AC2D-E81B-421D-B445-60BA26B5E4AD}"
EndProject
Global
	GlobalSection(SolutionConfigurationPlatforms) = preSolution
		Debug|Any CPU = Debug|Any CPU
		Release|Any CPU = Release|Any CPU
	EndGlobalSection
	GlobalSection(ProjectConfigurationPlatforms) = postSolution
		{7B451616-F4C8-4535-9CD7-275FE55AEA8F}.Debug|Any CPU.ActiveCfg = Debug|Any CPU
		{7B451616-F4C8-4535-9CD7-275FE55AEA8F}.Debug|Any CPU.Build.0 = Debug|Any CPU
		{7B451616-F4C8-4535-9CD7-275FE55AEA8F}.Release|Any CPU.ActiveCfg = Release|Any CPU
		{7B451616-F4C8-4535-9CD7-275FE55AEA8F}.Release|Any CPU.Build.0 = Release|Any CPU
		{0CF8AC2D-E81B-421D-B445-60BA26B5E4AD}.Debug|Any CPU.ActiveCfg = Debug|Any CPU
		{0CF8AC2D-E81B-421D-B445-60BA26B5E4AD}.Debug|Any CPU.Build.0 = Debug|Any CPU
		{0CF8AC2D-E81B-421D-B445-60BA26B5E4AD}.Release|Any CPU.ActiveCfg = Release|Any CPU
		{0CF8AC2D-E81B-421D-B445-60BA26B5E4AD}.Release|Any CPU.Build.0 = Release|Any CPU
	EndGlobalSection
	GlobalSection(SolutionProperties) = preSolution
		HideSolutionNode = FALSE
	EndGlobalSection
	GlobalSection(ExtensibilityGlobals) = postSolution
		SolutionGuid = {D641BF15-0410-4A92-912F-16D1393D1EB9}
	EndGlobalSection
EndGlobal
