
Microsoft Visual Studio Solution File, Format Version 12.00
# Visual Studio Version 17
VisualStudioVersion = 17.1.32328.378
MinimumVisualStudioVersion = 10.0.40219.1
Project("{FAE04EC0-301F-11D3-BF4B-00C04F79EFBC}") = "EjercicioWindowsForms", "EjercicioWindowsForms\EjercicioWindowsForms.csproj", "{3853CF34-7DE0-4F3C-96C6-5C22940A1147}"
EndProject
Global
	GlobalSection(SolutionConfigurationPlatforms) = preSolution
		Debug|Any CPU = Debug|Any CPU
		Release|Any CPU = Release|Any CPU
	EndGlobalSection
	GlobalSection(ProjectConfigurationPlatforms) = postSolution
		{3853CF34-7DE0-4F3C-96C6-5C22940A1147}.Debug|Any CPU.ActiveCfg = Debug|Any CPU
		{3853CF34-7DE0-4F3C-96C6-5C22940A1147}.Debug|Any CPU.Build.0 = Debug|Any CPU
		{3853CF34-7DE0-4F3C-96C6-5C22940A1147}.Release|Any CPU.ActiveCfg = Release|Any CPU
		{3853CF34-7DE0-4F3C-96C6-5C22940A1147}.Release|Any CPU.Build.0 = Release|Any CPU
	EndGlobalSection
	GlobalSection(SolutionProperties) = preSolution
		HideSolutionNode = FALSE
	EndGlobalSection
	GlobalSection(ExtensibilityGlobals) = postSolution
		SolutionGuid = {BB6D07E2-BAC0-4F93-BA8A-04ED0830BB49}
	EndGlobalSection
EndGlobal
