
Microsoft Visual Studio Solution File, Format Version 12.00
# Visual Studio Version 17
VisualStudioVersion = 17.1.32228.430
MinimumVisualStudioVersion = 10.0.40219.1
Project("{FAE04EC0-301F-11D3-BF4B-00C04F79EFBC}") = "EjercicioI01", "EjercicioI01\EjercicioI01.csproj", "{7B03A721-996F-4EF6-B9D7-594E7D954D37}"
EndProject
Global
	GlobalSection(SolutionConfigurationPlatforms) = preSolution
		Debug|Any CPU = Debug|Any CPU
		Release|Any CPU = Release|Any CPU
	EndGlobalSection
	GlobalSection(ProjectConfigurationPlatforms) = postSolution
		{7B03A721-996F-4EF6-B9D7-594E7D954D37}.Debug|Any CPU.ActiveCfg = Debug|Any CPU
		{7B03A721-996F-4EF6-B9D7-594E7D954D37}.Debug|Any CPU.Build.0 = Debug|Any CPU
		{7B03A721-996F-4EF6-B9D7-594E7D954D37}.Release|Any CPU.ActiveCfg = Release|Any CPU
		{7B03A721-996F-4EF6-B9D7-594E7D954D37}.Release|Any CPU.Build.0 = Release|Any CPU
	EndGlobalSection
	GlobalSection(SolutionProperties) = preSolution
		HideSolutionNode = FALSE
	EndGlobalSection
	GlobalSection(ExtensibilityGlobals) = postSolution
		SolutionGuid = {5191C11A-7640-4550-91D2-ABB4D33D7048}
	EndGlobalSection
EndGlobal
