
Microsoft Visual Studio Solution File, Format Version 12.00
# Visual Studio Version 17
VisualStudioVersion = 17.1.32228.430
MinimumVisualStudioVersion = 10.0.40219.1
Project("{FAE04EC0-301F-11D3-BF4B-00C04F79EFBC}") = "Presentacion00", "Presentacion00\Presentacion00.csproj", "{C8930640-7653-440F-80CA-C0EEAC4A1539}"
EndProject
Project("{FAE04EC0-301F-11D3-BF4B-00C04F79EFBC}") = "Presentacion01", "Presentacion01\Presentacion01.csproj", "{DB22854E-D815-4E51-B340-B5D9468B5DDF}"
EndProject
Project("{FAE04EC0-301F-11D3-BF4B-00C04F79EFBC}") = "EjercicioI01", "EjercicioI01\EjercicioI01.csproj", "{91A86CA5-431E-4BFB-B679-9DCB809423F0}"
EndProject
Project("{FAE04EC0-301F-11D3-BF4B-00C04F79EFBC}") = "EjercicioI02", "EjercicioI02\EjercicioI02.csproj", "{8170EAEE-5356-4DFA-8CEF-D6D4A57669DA}"
EndProject
Project("{FAE04EC0-301F-11D3-BF4B-00C04F79EFBC}") = "EjercicioI03", "EjercicioI03\EjercicioI03.csproj", "{DB912259-5CC0-48DF-B411-430EAD64D0F8}"
EndProject
Project("{FAE04EC0-301F-11D3-BF4B-00C04F79EFBC}") = "EjercicioI04", "EjercicioI04\EjercicioI04.csproj", "{4E6EA736-AEE2-4AB6-BD51-8B2A885BC49A}"
EndProject
Project("{FAE04EC0-301F-11D3-BF4B-00C04F79EFBC}") = "EjercicioI05", "EjercicioI05\EjercicioI05.csproj", "{3EBAA21C-D95A-4E51-8288-E355E59008B9}"
EndProject
Project("{FAE04EC0-301F-11D3-BF4B-00C04F79EFBC}") = "EjercicioI06", "EjercicioI06\EjercicioI06.csproj", "{6AE3DCD9-6B7D-47C1-A5AE-B534F4EEB697}"
EndProject
Project("{FAE04EC0-301F-11D3-BF4B-00C04F79EFBC}") = "EjercicioI07", "EjercicioI07\EjercicioI07.csproj", "{51BAEFEE-8535-42A8-ACDA-5D3A4BF9DEE9}"
EndProject
Project("{FAE04EC0-301F-11D3-BF4B-00C04F79EFBC}") = "EjercicioI08", "EjercicioI08\EjercicioI08.csproj", "{13565042-E771-4132-A157-27054ED8C162}"
EndProject
Project("{FAE04EC0-301F-11D3-BF4B-00C04F79EFBC}") = "EjercicioI09", "EjercicioI09\EjercicioI09.csproj", "{C793DBBD-7650-4D98-8343-06FC59952C0D}"
EndProject
Global
	GlobalSection(SolutionConfigurationPlatforms) = preSolution
		Debug|Any CPU = Debug|Any CPU
		Release|Any CPU = Release|Any CPU
	EndGlobalSection
	GlobalSection(ProjectConfigurationPlatforms) = postSolution
		{C8930640-7653-440F-80CA-C0EEAC4A1539}.Debug|Any CPU.ActiveCfg = Debug|Any CPU
		{C8930640-7653-440F-80CA-C0EEAC4A1539}.Debug|Any CPU.Build.0 = Debug|Any CPU
		{C8930640-7653-440F-80CA-C0EEAC4A1539}.Release|Any CPU.ActiveCfg = Release|Any CPU
		{C8930640-7653-440F-80CA-C0EEAC4A1539}.Release|Any CPU.Build.0 = Release|Any CPU
		{DB22854E-D815-4E51-B340-B5D9468B5DDF}.Debug|Any CPU.ActiveCfg = Debug|Any CPU
		{DB22854E-D815-4E51-B340-B5D9468B5DDF}.Debug|Any CPU.Build.0 = Debug|Any CPU
		{DB22854E-D815-4E51-B340-B5D9468B5DDF}.Release|Any CPU.ActiveCfg = Release|Any CPU
		{DB22854E-D815-4E51-B340-B5D9468B5DDF}.Release|Any CPU.Build.0 = Release|Any CPU
		{91A86CA5-431E-4BFB-B679-9DCB809423F0}.Debug|Any CPU.ActiveCfg = Debug|Any CPU
		{91A86CA5-431E-4BFB-B679-9DCB809423F0}.Debug|Any CPU.Build.0 = Debug|Any CPU
		{91A86CA5-431E-4BFB-B679-9DCB809423F0}.Release|Any CPU.ActiveCfg = Release|Any CPU
		{91A86CA5-431E-4BFB-B679-9DCB809423F0}.Release|Any CPU.Build.0 = Release|Any CPU
		{8170EAEE-5356-4DFA-8CEF-D6D4A57669DA}.Debug|Any CPU.ActiveCfg = Debug|Any CPU
		{8170EAEE-5356-4DFA-8CEF-D6D4A57669DA}.Debug|Any CPU.Build.0 = Debug|Any CPU
		{8170EAEE-5356-4DFA-8CEF-D6D4A57669DA}.Release|Any CPU.ActiveCfg = Release|Any CPU
		{8170EAEE-5356-4DFA-8CEF-D6D4A57669DA}.Release|Any CPU.Build.0 = Release|Any CPU
		{DB912259-5CC0-48DF-B411-430EAD64D0F8}.Debug|Any CPU.ActiveCfg = Debug|Any CPU
		{DB912259-5CC0-48DF-B411-430EAD64D0F8}.Debug|Any CPU.Build.0 = Debug|Any CPU
		{DB912259-5CC0-48DF-B411-430EAD64D0F8}.Release|Any CPU.ActiveCfg = Release|Any CPU
		{DB912259-5CC0-48DF-B411-430EAD64D0F8}.Release|Any CPU.Build.0 = Release|Any CPU
		{4E6EA736-AEE2-4AB6-BD51-8B2A885BC49A}.Debug|Any CPU.ActiveCfg = Debug|Any CPU
		{4E6EA736-AEE2-4AB6-BD51-8B2A885BC49A}.Debug|Any CPU.Build.0 = Debug|Any CPU
		{4E6EA736-AEE2-4AB6-BD51-8B2A885BC49A}.Release|Any CPU.ActiveCfg = Release|Any CPU
		{4E6EA736-AEE2-4AB6-BD51-8B2A885BC49A}.Release|Any CPU.Build.0 = Release|Any CPU
		{3EBAA21C-D95A-4E51-8288-E355E59008B9}.Debug|Any CPU.ActiveCfg = Debug|Any CPU
		{3EBAA21C-D95A-4E51-8288-E355E59008B9}.Debug|Any CPU.Build.0 = Debug|Any CPU
		{3EBAA21C-D95A-4E51-8288-E355E59008B9}.Release|Any CPU.ActiveCfg = Release|Any CPU
		{3EBAA21C-D95A-4E51-8288-E355E59008B9}.Release|Any CPU.Build.0 = Release|Any CPU
		{6AE3DCD9-6B7D-47C1-A5AE-B534F4EEB697}.Debug|Any CPU.ActiveCfg = Debug|Any CPU
		{6AE3DCD9-6B7D-47C1-A5AE-B534F4EEB697}.Debug|Any CPU.Build.0 = Debug|Any CPU
		{6AE3DCD9-6B7D-47C1-A5AE-B534F4EEB697}.Release|Any CPU.ActiveCfg = Release|Any CPU
		{6AE3DCD9-6B7D-47C1-A5AE-B534F4EEB697}.Release|Any CPU.Build.0 = Release|Any CPU
		{51BAEFEE-8535-42A8-ACDA-5D3A4BF9DEE9}.Debug|Any CPU.ActiveCfg = Debug|Any CPU
		{51BAEFEE-8535-42A8-ACDA-5D3A4BF9DEE9}.Debug|Any CPU.Build.0 = Debug|Any CPU
		{51BAEFEE-8535-42A8-ACDA-5D3A4BF9DEE9}.Release|Any CPU.ActiveCfg = Release|Any CPU
		{51BAEFEE-8535-42A8-ACDA-5D3A4BF9DEE9}.Release|Any CPU.Build.0 = Release|Any CPU
		{13565042-E771-4132-A157-27054ED8C162}.Debug|Any CPU.ActiveCfg = Debug|Any CPU
		{13565042-E771-4132-A157-27054ED8C162}.Debug|Any CPU.Build.0 = Debug|Any CPU
		{13565042-E771-4132-A157-27054ED8C162}.Release|Any CPU.ActiveCfg = Release|Any CPU
		{13565042-E771-4132-A157-27054ED8C162}.Release|Any CPU.Build.0 = Release|Any CPU
		{C793DBBD-7650-4D98-8343-06FC59952C0D}.Debug|Any CPU.ActiveCfg = Debug|Any CPU
		{C793DBBD-7650-4D98-8343-06FC59952C0D}.Debug|Any CPU.Build.0 = Debug|Any CPU
		{C793DBBD-7650-4D98-8343-06FC59952C0D}.Release|Any CPU.ActiveCfg = Release|Any CPU
		{C793DBBD-7650-4D98-8343-06FC59952C0D}.Release|Any CPU.Build.0 = Release|Any CPU
	EndGlobalSection
	GlobalSection(SolutionProperties) = preSolution
		HideSolutionNode = FALSE
	EndGlobalSection
	GlobalSection(ExtensibilityGlobals) = postSolution
		SolutionGuid = {7098E63F-FE02-4FA2-97D3-98B76A40748B}
	EndGlobalSection
EndGlobal
