
Microsoft Visual Studio Solution File, Format Version 12.00
# Visual Studio Version 17
VisualStudioVersion = 17.1.32228.430
MinimumVisualStudioVersion = 10.0.40219.1
Project("{FAE04EC0-301F-11D3-BF4B-00C04F79EFBC}") = "EjercicioI02", "EjercicioI02\EjercicioI02.csproj", "{C6BB7301-4E04-4072-B0FC-4F670CDD3C3E}"
EndProject
Project("{FAE04EC0-301F-11D3-BF4B-00C04F79EFBC}") = "Entidades", "Entidades\Entidades.csproj", "{0175D092-05E5-41EB-8888-B99E5459AAAD}"
EndProject
Global
	GlobalSection(SolutionConfigurationPlatforms) = preSolution
		Debug|Any CPU = Debug|Any CPU
		Release|Any CPU = Release|Any CPU
	EndGlobalSection
	GlobalSection(ProjectConfigurationPlatforms) = postSolution
		{C6BB7301-4E04-4072-B0FC-4F670CDD3C3E}.Debug|Any CPU.ActiveCfg = Debug|Any CPU
		{C6BB7301-4E04-4072-B0FC-4F670CDD3C3E}.Debug|Any CPU.Build.0 = Debug|Any CPU
		{C6BB7301-4E04-4072-B0FC-4F670CDD3C3E}.Release|Any CPU.ActiveCfg = Release|Any CPU
		{C6BB7301-4E04-4072-B0FC-4F670CDD3C3E}.Release|Any CPU.Build.0 = Release|Any CPU
		{0175D092-05E5-41EB-8888-B99E5459AAAD}.Debug|Any CPU.ActiveCfg = Debug|Any CPU
		{0175D092-05E5-41EB-8888-B99E5459AAAD}.Debug|Any CPU.Build.0 = Debug|Any CPU
		{0175D092-05E5-41EB-8888-B99E5459AAAD}.Release|Any CPU.ActiveCfg = Release|Any CPU
		{0175D092-05E5-41EB-8888-B99E5459AAAD}.Release|Any CPU.Build.0 = Release|Any CPU
	EndGlobalSection
	GlobalSection(SolutionProperties) = preSolution
		HideSolutionNode = FALSE
	EndGlobalSection
	GlobalSection(ExtensibilityGlobals) = postSolution
		SolutionGuid = {13E290C2-A0B6-4D58-B48E-8CDF454C79D6}
	EndGlobalSection
EndGlobal
